{
  "name": "sufiyan-portfolio",
  "lockfileVersion": 3,
  "requires": true,
  "packages": {
    "": {
      "dependencies": {
        "framer-motion": "^12.17.0",
        "react-icons": "^5.5.0"
      }
    },
    "node_modules/framer-motion": {
      "version": "12.17.0",
      "resolved": "https://registry.npmjs.org/framer-motion/-/framer-motion-12.17.0.tgz",
      "integrity": "sha512-2hISKgDk49yCLStwG1wf4Kdy/D6eBw9/eRNaWFIYoI9vMQ/Mqd1Fz+gzVlEtxJmtQ9y4IWnXm19/+UXD3dAYAA==",
      "dependencies": {
        "motion-dom": "^12.17.0",
        "motion-utils": "^12.12.1",
        "tslib": "^2.4.0"
      },
      "peerDependencies": {
        "@emotion/is-prop-valid": "*",
        "react": "^18.0.0 || ^19.0.0",
        "react-dom": "^18.0.0 || ^19.0.0"
      },
      "peerDependenciesMeta": {
        "@emotion/is-prop-valid": {
          "optional": true
        },
        "react": {
          "optional": true
        },
        "react-dom": {
          "optional": true
        }
      }
    },
    "node_modules/motion-dom": {
      "version": "12.17.0",
      "resolved": "https://registry.npmjs.org/motion-dom/-/motion-dom-12.17.0.tgz",
      "integrity": "sha512-FA6/c70R9NKs3g41XDVONzmUUrEmyaifLVGCWtAmHP0usDnX9W+RN/tmbC4EUl0w6yLGvMTOwnWCFVgA5luhRg==",
      "dependencies": {
        "motion-utils": "^12.12.1"
      }
    },
    "node_modules/motion-utils": {
      "version": "12.12.1",
      "resolved": "https://registry.npmjs.org/motion-utils/-/motion-utils-12.12.1.tgz",
      "integrity": "sha512-f9qiqUHm7hWSLlNW8gS9pisnsN7CRFRD58vNjptKdsqFLpkVnX00TNeD6Q0d27V9KzT7ySFyK1TZ/DShfVOv6w=="
    },
    "node_modules/react": {
      "version": "19.1.0",
      "resolved": "https://registry.npmjs.org/react/-/react-19.1.0.tgz",
      "integrity": "sha512-FS+XFBNvn3GTAWq26joslQgWNoFu08F4kl0J4CgdNKADkdSGXQyTCnKteIAJy96Br6YbpEU1LSzV5dYtjMkMDg==",
      "peer": true,
      "engines": {
        "node": ">=0.10.0"
      }
    },
    "node_modules/react-icons": {
      "version": "5.5.0",
      "resolved": "https://registry.npmjs.org/react-icons/-/react-icons-5.5.0.tgz",
      "integrity": "sha512-MEFcXdkP3dLo8uumGI5xN3lDFNsRtrjbOEKDLD7yv76v4wpnEq2Lt2qeHaQOr34I/wPN3s3+N08WkQ+CW37Xiw==",
      "peerDependencies": {
        "react": "*"
      }
    },
    "node_modules/tslib": {
      "version": "2.8.1",
      "resolved": "https://registry.npmjs.org/tslib/-/tslib-2.8.1.tgz",
      "integrity": "sha512-oJFu94HQb+KVduSUQL7wnpmqnfmLsOA/nAh6b6EH0wCEoK0/mPeXU6c3wKDV83MkOuHPRHtSXKKU99IBazS/2w=="
    }
  }
}
